{
  "name": "@4mbl/tsconfig",
  "version": "3.0.1",
  "lockfileVersion": 3,
  "requires": true,
  "packages": {
    "": {
      "name": "@4mbl/tsconfig",
      "version": "3.0.1",
      "license": "MIT",
      "peerDependencies": {
        "typescript": ">=5.8.0"
      },
      "peerDependenciesMeta": {
        "typescript": {
          "optional": true
        }
      }
    }
  }
}
